
Microsoft Visual Studio Solution File, Format Version 12.00
# Visual Studio Version 16
VisualStudioVersion = 16.0.30503.244
MinimumVisualStudioVersion = 10.0.40219.1
Project("{FAE04EC0-301F-11D3-BF4B-00C04F79EFBC}") = "WishList", "WishList\WishList.csproj", "{F5E3019B-007A-44B0-9C0E-C8CF7725C25E}"
EndProject
Global
	GlobalSection(SolutionConfigurationPlatforms) = preSolution
		Debug|Any CPU = Debug|Any CPU
		Release|Any CPU = Release|Any CPU
	EndGlobalSection
	GlobalSection(ProjectConfigurationPlatforms) = postSolution
		{F5E3019B-007A-44B0-9C0E-C8CF7725C25E}.Debug|Any CPU.ActiveCfg = Debug|Any CPU
		{F5E3019B-007A-44B0-9C0E-C8CF7725C25E}.Debug|Any CPU.Build.0 = Debug|Any CPU
		{F5E3019B-007A-44B0-9C0E-C8CF7725C25E}.Release|Any CPU.ActiveCfg = Release|Any CPU
		{F5E3019B-007A-44B0-9C0E-C8CF7725C25E}.Release|Any CPU.Build.0 = Release|Any CPU
	EndGlobalSection
	GlobalSection(SolutionProperties) = preSolution
		HideSolutionNode = FALSE
	EndGlobalSection
	GlobalSection(ExtensibilityGlobals) = postSolution
		SolutionGuid = {C9207EDC-259C-4090-9F4F-97C79A76E2CC}
	EndGlobalSection
EndGlobal
